Microsoft Visual Studio Solution File, Format Version 12.00
# Visual Studio Version 17
VisualStudioVersion = 17.5.2.0
MinimumVisualStudioVersion = 10.0.40219.1
Project("{FAE04EC0-301F-11D3-BF4B-00C04F79EFBC}") = "leaderboardPatch", "leaderboardPatch.csproj", "{14CFAA4D-60FE-38E3-718E-E7649F648BE0}"
EndProject
Global
	GlobalSection(SolutionConfigurationPlatforms) = preSolution
		Debug|Any CPU = Debug|Any CPU
		Release|Any CPU = Release|Any CPU
	EndGlobalSection
	GlobalSection(ProjectConfigurationPlatforms) = postSolution
		{14CFAA4D-60FE-38E3-718E-E7649F648BE0}.Debug|Any CPU.ActiveCfg = Debug|Any CPU
		{14CFAA4D-60FE-38E3-718E-E7649F648BE0}.Debug|Any CPU.Build.0 = Debug|Any CPU
		{14CFAA4D-60FE-38E3-718E-E7649F648BE0}.Release|Any CPU.ActiveCfg = Release|Any CPU
		{14CFAA4D-60FE-38E3-718E-E7649F648BE0}.Release|Any CPU.Build.0 = Release|Any CPU
	EndGlobalSection
	GlobalSection(SolutionProperties) = preSolution
		HideSolutionNode = FALSE
	EndGlobalSection
	GlobalSection(ExtensibilityGlobals) = postSolution
		SolutionGuid = {7CAC2E1A-16AB-463A-A69F-FBB7A4423FB7}
	EndGlobalSection
EndGlobal
